// !$*UTF8*$!
{
	archiveVersion = 1;
	classes = {
	};
	objectVersion = 55;
	objects = {

/* Begin PBXBuildFile section */
		180FCAAC28C64A30008CB77F /* main.swift in Sources */ = {isa = PBXBuildFile; fileRef = 180FCAAB28C64A30008CB77F /* main.swift */; };
		180FCAB328C64B50008CB77F /* kiemTra.swift in Sources */ = {isa = PBXBuildFile; fileRef = 180FCAB228C64B50008CB77F /* kiemTra.swift */; };
		180FCAB528C65013008CB77F /* tamGiac.swift in Sources */ = {isa = PBXBuildFile; fileRef = 180FCAB428C65013008CB77F /* tamGiac.swift */; };
		180FCAB728C650CA008CB77F /* namNhuan.swift in Sources */ = {isa = PBXBuildFile; fileRef = 180FCAB628C650CA008CB77F /* namNhuan.swift */; };
		180FCAB928C650D3008CB77F /* gioPhutGiay.swift in Sources */ = {isa = PBXBuildFile; fileRef = 180FCAB828C650D3008CB77F /* gioPhutGiay.swift */; };
		180FCABB28C650DB008CB77F /* timSoBeNhat.swift in Sources */ = {isa = PBXBuildFile; fileRef = 180FCABA28C650DB008CB77F /* timSoBeNhat.swift */; };
		180FCABD28C650E4008CB77F /* kiemTraChiaHet.swift in Sources */ = {isa = PBXBuildFile; fileRef = 180FCABC28C650E4008CB77F /* kiemTraChiaHet.swift */; };
		1838D6E628C712A1006F73FE /* viTriChanLe.swift in Sources */ = {isa = PBXBuildFile; fileRef = 1838D6E528C712A1006F73FE /* viTriChanLe.swift */; };
		1838D6E828C71327006F73FE /* daoChuoi.swift in Sources */ = {isa = PBXBuildFile; fileRef = 1838D6E728C71327006F73FE /* daoChuoi.swift */; };
		1838D6EA28C71FC0006F73FE /* khaiBaoMang.swift in Sources */ = {isa = PBXBuildFile; fileRef = 1838D6E928C71FC0006F73FE /* khaiBaoMang.swift */; };
		1838D6EC28C72B22006F73FE /* bangCuuChuong.swift in Sources */ = {isa = PBXBuildFile; fileRef = 1838D6EB28C72B22006F73FE /* bangCuuChuong.swift */; };
		1838D6EE28C72C78006F73FE /* hinhChuNhat.swift in Sources */ = {isa = PBXBuildFile; fileRef = 1838D6ED28C72C78006F73FE /* hinhChuNhat.swift */; };
		1838D6F028C73CEB006F73FE /* tinhTong.swift in Sources */ = {isa = PBXBuildFile; fileRef = 1838D6EF28C73CEB006F73FE /* tinhTong.swift */; };
		1838D6F228C74037006F73FE /* chonDapAn.swift in Sources */ = {isa = PBXBuildFile; fileRef = 1838D6F128C74037006F73FE /* chonDapAn.swift */; };
		1838D6F428C756AD006F73FE /* soHoanHao.swift in Sources */ = {isa = PBXBuildFile; fileRef = 1838D6F328C756AD006F73FE /* soHoanHao.swift */; };
/* End PBXBuildFile section */

/* Begin PBXCopyFilesBuildPhase section */
		180FCAA628C64A30008CB77F /* CopyFiles */ = {
			isa = PBXCopyFilesBuildPhase;
			buildActionMask = 2147483647;
			dstPath = /usr/share/man/man1/;
			dstSubfolderSpec = 0;
			files = (
			);
			runOnlyForDeploymentPostprocessing = 1;
		};
/* End PBXCopyFilesBuildPhase section */

/* Begin PBXFileReference section */
		180FCAA828C64A30008CB77F /* BaiTapLogic */ = {isa = PBXFileReference; explicitFileType = "compiled.mach-o.executable"; includeInIndex = 0; path = BaiTapLogic; sourceTree = BUILT_PRODUCTS_DIR; };
		180FCAAB28C64A30008CB77F /* main.swift */ = {isa = PBXFileReference; lastKnownFileType = sourcecode.swift; path = main.swift; sourceTree = "<group>"; };
		180FCAB228C64B50008CB77F /* kiemTra.swift */ = {isa = PBXFileReference; lastKnownFileType = sourcecode.swift; path = kiemTra.swift; sourceTree = "<group>"; };
		180FCAB428C65013008CB77F /* tamGiac.swift */ = {isa = PBXFileReference; lastKnownFileType = sourcecode.swift; path = tamGiac.swift; sourceTree = "<group>"; };
		180FCAB628C650CA008CB77F /* namNhuan.swift */ = {isa = PBXFileReference; lastKnownFileType = sourcecode.swift; path = namNhuan.swift; sourceTree = "<group>"; };
		180FCAB828C650D3008CB77F /* gioPhutGiay.swift */ = {isa = PBXFileReference; lastKnownFileType = sourcecode.swift; path = gioPhutGiay.swift; sourceTree = "<group>"; };
		180FCABA28C650DB008CB77F /* timSoBeNhat.swift */ = {isa = PBXFileReference; lastKnownFileType = sourcecode.swift; path = timSoBeNhat.swift; sourceTree = "<group>"; };
		180FCABC28C650E4008CB77F /* kiemTraChiaHet.swift */ = {isa = PBXFileReference; lastKnownFileType = sourcecode.swift; path = kiemTraChiaHet.swift; sourceTree = "<group>"; };
		1838D6E528C712A1006F73FE /* viTriChanLe.swift */ = {isa = PBXFileReference; lastKnownFileType = sourcecode.swift; path = viTriChanLe.swift; sourceTree = "<group>"; };
		1838D6E728C71327006F73FE /* daoChuoi.swift */ = {isa = PBXFileReference; lastKnownFileType = sourcecode.swift; path = daoChuoi.swift; sourceTree = "<group>"; };
		1838D6E928C71FC0006F73FE /* khaiBaoMang.swift */ = {isa = PBXFileReference; lastKnownFileType = sourcecode.swift; path = khaiBaoMang.swift; sourceTree = "<group>"; };
		1838D6EB28C72B22006F73FE /* bangCuuChuong.swift */ = {isa = PBXFileReference; lastKnownFileType = sourcecode.swift; path = bangCuuChuong.swift; sourceTree = "<group>"; };
		1838D6ED28C72C78006F73FE /* hinhChuNhat.swift */ = {isa = PBXFileReference; lastKnownFileType = sourcecode.swift; path = hinhChuNhat.swift; sourceTree = "<group>"; };
		1838D6EF28C73CEB006F73FE /* tinhTong.swift */ = {isa = PBXFileReference; lastKnownFileType = sourcecode.swift; path = tinhTong.swift; sourceTree = "<group>"; };
		1838D6F128C74037006F73FE /* chonDapAn.swift */ = {isa = PBXFileReference; lastKnownFileType = sourcecode.swift; path = chonDapAn.swift; sourceTree = "<group>"; };
		1838D6F328C756AD006F73FE /* soHoanHao.swift */ = {isa = PBXFileReference; lastKnownFileType = sourcecode.swift; path = soHoanHao.swift; sourceTree = "<group>"; };
/* End PBXFileReference section */

/* Begin PBXFrameworksBuildPhase section */
		180FCAA528C64A30008CB77F /* Frameworks */ = {
			isa = PBXFrameworksBuildPhase;
			buildActionMask = 2147483647;
			files = (
			);
			runOnlyForDeploymentPostprocessing = 0;
		};
/* End PBXFrameworksBuildPhase section */

/* Begin PBXGroup section */
		180FCA9F28C64A30008CB77F = {
			isa = PBXGroup;
			children = (
				180FCAAA28C64A30008CB77F /* BaiTapLogic */,
				180FCAA928C64A30008CB77F /* Products */,
			);
			sourceTree = "<group>";
		};
		180FCAA928C64A30008CB77F /* Products */ = {
			isa = PBXGroup;
			children = (
				180FCAA828C64A30008CB77F /* BaiTapLogic */,
			);
			name = Products;
			sourceTree = "<group>";
		};
		180FCAAA28C64A30008CB77F /* BaiTapLogic */ = {
			isa = PBXGroup;
			children = (
				180FCAAB28C64A30008CB77F /* main.swift */,
				180FCAB228C64B50008CB77F /* kiemTra.swift */,
				180FCAB428C65013008CB77F /* tamGiac.swift */,
				180FCAB628C650CA008CB77F /* namNhuan.swift */,
				180FCAB828C650D3008CB77F /* gioPhutGiay.swift */,
				180FCABA28C650DB008CB77F /* timSoBeNhat.swift */,
				180FCABC28C650E4008CB77F /* kiemTraChiaHet.swift */,
				1838D6E528C712A1006F73FE /* viTriChanLe.swift */,
				1838D6E728C71327006F73FE /* daoChuoi.swift */,
				1838D6E928C71FC0006F73FE /* khaiBaoMang.swift */,
				1838D6EB28C72B22006F73FE /* bangCuuChuong.swift */,
				1838D6ED28C72C78006F73FE /* hinhChuNhat.swift */,
				1838D6EF28C73CEB006F73FE /* tinhTong.swift */,
				1838D6F128C74037006F73FE /* chonDapAn.swift */,
				1838D6F328C756AD006F73FE /* soHoanHao.swift */,
			);
			path = BaiTapLogic;
			sourceTree = "<group>";
		};
/* End PBXGroup section */

/* Begin PBXNativeTarget section */
		180FCAA728C64A30008CB77F /* BaiTapLogic */ = {
			isa = PBXNativeTarget;
			buildConfigurationList = 180FCAAF28C64A30008CB77F /* Build configuration list for PBXNativeTarget "BaiTapLogic" */;
			buildPhases = (
				180FCAA428C64A30008CB77F /* Sources */,
				180FCAA528C64A30008CB77F /* Frameworks */,
				180FCAA628C64A30008CB77F /* CopyFiles */,
			);
			buildRules = (
			);
			dependencies = (
			);
			name = BaiTapLogic;
			productName = BaiTapLogic;
			productReference = 180FCAA828C64A30008CB77F /* BaiTapLogic */;
			productType = "com.apple.product-type.tool";
		};
/* End PBXNativeTarget section */

/* Begin PBXProject section */
		180FCAA028C64A30008CB77F /* Project object */ = {
			isa = PBXProject;
			attributes = {
				BuildIndependentTargetsInParallel = 1;
				LastSwiftUpdateCheck = 1340;
				LastUpgradeCheck = 1340;
				TargetAttributes = {
					180FCAA728C64A30008CB77F = {
						CreatedOnToolsVersion = 13.4.1;
					};
				};
			};
			buildConfigurationList = 180FCAA328C64A30008CB77F /* Build configuration list for PBXProject "BaiTapLogic" */;
			compatibilityVersion = "Xcode 13.0";
			developmentRegion = en;
			hasScannedForEncodings = 0;
			knownRegions = (
				en,
				Base,
			);
			mainGroup = 180FCA9F28C64A30008CB77F;
			productRefGroup = 180FCAA928C64A30008CB77F /* Products */;
			projectDirPath = "";
			projectRoot = "";
			targets = (
				180FCAA728C64A30008CB77F /* BaiTapLogic */,
			);
		};
/* End PBXProject section */

/* Begin PBXSourcesBuildPhase section */
		180FCAA428C64A30008CB77F /* Sources */ = {
			isa = PBXSourcesBuildPhase;
			buildActionMask = 2147483647;
			files = (
				180FCAB728C650CA008CB77F /* namNhuan.swift in Sources */,
				180FCABD28C650E4008CB77F /* kiemTraChiaHet.swift in Sources */,
				1838D6EC28C72B22006F73FE /* bangCuuChuong.swift in Sources */,
				180FCAB328C64B50008CB77F /* kiemTra.swift in Sources */,
				180FCAB928C650D3008CB77F /* gioPhutGiay.swift in Sources */,
				1838D6F428C756AD006F73FE /* soHoanHao.swift in Sources */,
				1838D6EA28C71FC0006F73FE /* khaiBaoMang.swift in Sources */,
				180FCAB528C65013008CB77F /* tamGiac.swift in Sources */,
				1838D6E628C712A1006F73FE /* viTriChanLe.swift in Sources */,
				1838D6F028C73CEB006F73FE /* tinhTong.swift in Sources */,
				180FCABB28C650DB008CB77F /* timSoBeNhat.swift in Sources */,
				1838D6E828C71327006F73FE /* daoChuoi.swift in Sources */,
				1838D6EE28C72C78006F73FE /* hinhChuNhat.swift in Sources */,
				1838D6F228C74037006F73FE /* chonDapAn.swift in Sources */,
				180FCAAC28C64A30008CB77F /* main.swift in Sources */,
			);
			runOnlyForDeploymentPostprocessing = 0;
		};
/* End PBXSourcesBuildPhase section */

/* Begin XCBuildConfiguration section */
		180FCAAD28C64A30008CB77F /* Debug */ = {
			isa = XCBuildConfiguration;
			buildSettings = {
				ALWAYS_SEARCH_USER_PATHS = NO;
				CLANG_ANALYZER_NONNULL = YES;
				CLANG_ANALYZER_NUMBER_OBJECT_CONVERSION = YES_AGGRESSIVE;
				CLANG_CXX_LANGUAGE_STANDARD = "gnu++17";
				CLANG_ENABLE_MODULES = YES;
				CLANG_ENABLE_OBJC_ARC = YES;
				CLANG_ENABLE_OBJC_WEAK = YES;
				CLANG_WARN_BLOCK_CAPTURE_AUTORELEASING = YES;
				CLANG_WARN_BOOL_CONVERSION = YES;
				CLANG_WARN_COMMA = YES;
				CLANG_WARN_CONSTANT_CONVERSION = YES;
				CLANG_WARN_DEPRECATED_OBJC_IMPLEMENTATIONS = YES;
				CLANG_WARN_DIRECT_OBJC_ISA_USAGE = YES_ERROR;
				CLANG_WARN_DOCUMENTATION_COMMENTS = YES;
				CLANG_WARN_EMPTY_BODY = YES;
				CLANG_WARN_ENUM_CONVERSION = YES;
				CLANG_WARN_INFINITE_RECURSION = YES;
				CLANG_WARN_INT_CONVERSION = YES;
				CLANG_WARN_NON_LITERAL_NULL_CONVERSION = YES;
				CLANG_WARN_OBJC_IMPLICIT_RETAIN_SELF = YES;
				CLANG_WARN_OBJC_LITERAL_CONVERSION = YES;
				CLANG_WARN_OBJC_ROOT_CLASS = YES_ERROR;
				CLANG_WARN_QUOTED_INCLUDE_IN_FRAMEWORK_HEADER = YES;
				CLANG_WARN_RANGE_LOOP_ANALYSIS = YES;
				CLANG_WARN_STRICT_PROTOTYPES = YES;
				CLANG_WARN_SUSPICIOUS_MOVE = YES;
				CLANG_WARN_UNGUARDED_AVAILABILITY = YES_AGGRESSIVE;
				CLANG_WARN_UNREACHABLE_CODE = YES;
				CLANG_WARN__DUPLICATE_METHOD_MATCH = YES;
				COPY_PHASE_STRIP = NO;
				DEBUG_INFORMATION_FORMAT = dwarf;
				ENABLE_STRICT_OBJC_MSGSEND = YES;
				ENABLE_TESTABILITY = YES;
				GCC_C_LANGUAGE_STANDARD = gnu11;
				GCC_DYNAMIC_NO_PIC = NO;
				GCC_NO_COMMON_BLOCKS = YES;
				GCC_OPTIMIZATION_LEVEL = 0;
				GCC_PREPROCESSOR_DEFINITIONS = (
					"DEBUG=1",
					"$(inherited)",
				);
				GCC_WARN_64_TO_32_BIT_CONVERSION = YES;
				GCC_WARN_ABOUT_RETURN_TYPE = YES_ERROR;
				GCC_WARN_UNDECLARED_SELECTOR = YES;
				GCC_WARN_UNINITIALIZED_AUTOS = YES_AGGRESSIVE;
				GCC_WARN_UNUSED_FUNCTION = YES;
				GCC_WARN_UNUSED_VARIABLE = YES;
				MACOSX_DEPLOYMENT_TARGET = 12.3;
				MTL_ENABLE_DEBUG_INFO = INCLUDE_SOURCE;
				MTL_FAST_MATH = YES;
				ONLY_ACTIVE_ARCH = YES;
				SDKROOT = macosx;
				SWIFT_ACTIVE_COMPILATION_CONDITIONS = DEBUG;
				SWIFT_OPTIMIZATION_LEVEL = "-Onone";
			};
			name = Debug;
		};
		180FCAAE28C64A30008CB77F /* Release */ = {
			isa = XCBuildConfiguration;
			buildSettings = {
				ALWAYS_SEARCH_USER_PATHS = NO;
				CLANG_ANALYZER_NONNULL = YES;
				CLANG_ANALYZER_NUMBER_OBJECT_CONVERSION = YES_AGGRESSIVE;
				CLANG_CXX_LANGUAGE_STANDARD = "gnu++17";
				CLANG_ENABLE_MODULES = YES;
				CLANG_ENABLE_OBJC_ARC = YES;
				CLANG_ENABLE_OBJC_WEAK = YES;
				CLANG_WARN_BLOCK_CAPTURE_AUTORELEASING = YES;
				CLANG_WARN_BOOL_CONVERSION = YES;
				CLANG_WARN_COMMA = YES;
				CLANG_WARN_CONSTANT_CONVERSION = YES;
				CLANG_WARN_DEPRECATED_OBJC_IMPLEMENTATIONS = YES;
				CLANG_WARN_DIRECT_OBJC_ISA_USAGE = YES_ERROR;
				CLANG_WARN_DOCUMENTATION_COMMENTS = YES;
				CLANG_WARN_EMPTY_BODY = YES;
				CLANG_WARN_ENUM_CONVERSION = YES;
				CLANG_WARN_INFINITE_RECURSION = YES;
				CLANG_WARN_INT_CONVERSION = YES;
				CLANG_WARN_NON_LITERAL_NULL_CONVERSION = YES;
				CLANG_WARN_OBJC_IMPLICIT_RETAIN_SELF = YES;
				CLANG_WARN_OBJC_LITERAL_CONVERSION = YES;
				CLANG_WARN_OBJC_ROOT_CLASS = YES_ERROR;
				CLANG_WARN_QUOTED_INCLUDE_IN_FRAMEWORK_HEADER = YES;
				CLANG_WARN_RANGE_LOOP_ANALYSIS = YES;
				CLANG_WARN_STRICT_PROTOTYPES = YES;
				CLANG_WARN_SUSPICIOUS_MOVE = YES;
				CLANG_WARN_UNGUARDED_AVAILABILITY = YES_AGGRESSIVE;
				CLANG_WARN_UNREACHABLE_CODE = YES;
				CLANG_WARN__DUPLICATE_METHOD_MATCH = YES;
				COPY_PHASE_STRIP = NO;
				DEBUG_INFORMATION_FORMAT = "dwarf-with-dsym";
				ENABLE_NS_ASSERTIONS = NO;
				ENABLE_STRICT_OBJC_MSGSEND = YES;
				GCC_C_LANGUAGE_STANDARD = gnu11;
				GCC_NO_COMMON_BLOCKS = YES;
				GCC_WARN_64_TO_32_BIT_CONVERSION = YES;
				GCC_WARN_ABOUT_RETURN_TYPE = YES_ERROR;
				GCC_WARN_UNDECLARED_SELECTOR = YES;
				GCC_WARN_UNINITIALIZED_AUTOS = YES_AGGRESSIVE;
				GCC_WARN_UNUSED_FUNCTION = YES;
				GCC_WARN_UNUSED_VARIABLE = YES;
				MACOSX_DEPLOYMENT_TARGET = 12.3;
				MTL_ENABLE_DEBUG_INFO = NO;
				MTL_FAST_MATH = YES;
				SDKROOT = macosx;
				SWIFT_COMPILATION_MODE = wholemodule;
				SWIFT_OPTIMIZATION_LEVEL = "-O";
			};
			name = Release;
		};
		180FCAB028C64A30008CB77F /* Debug */ = {
			isa = XCBuildConfiguration;
			buildSettings = {
				CODE_SIGN_STYLE = Automatic;
				PRODUCT_NAME = "$(TARGET_NAME)";
				SWIFT_VERSION = 5.0;
			};
			name = Debug;
		};
		180FCAB128C64A30008CB77F /* Release */ = {
			isa = XCBuildConfiguration;
			buildSettings = {
				CODE_SIGN_STYLE = Automatic;
				PRODUCT_NAME = "$(TARGET_NAME)";
				SWIFT_VERSION = 5.0;
			};
			name = Release;
		};
/* End XCBuildConfiguration section */

/* Begin XCConfigurationList section */
		180FCAA328C64A30008CB77F /* Build configuration list for PBXProject "BaiTapLogic" */ = {
			isa = XCConfigurationList;
			buildConfigurations = (
				180FCAAD28C64A30008CB77F /* Debug */,
				180FCAAE28C64A30008CB77F /* Release */,
			);
			defaultConfigurationIsVisible = 0;
			defaultConfigurationName = Release;
		};
		180FCAAF28C64A30008CB77F /* Build configuration list for PBXNativeTarget "BaiTapLogic" */ = {
			isa = XCConfigurationList;
			buildConfigurations = (
				180FCAB028C64A30008CB77F /* Debug */,
				180FCAB128C64A30008CB77F /* Release */,
			);
			defaultConfigurationIsVisible = 0;
			defaultConfigurationName = Release;
		};
/* End XCConfigurationList section */
	};
	rootObject = 180FCAA028C64A30008CB77F /* Project object */;
}
